// !$*UTF8*$!
{
	archiveVersion = 1;
	classes = {
	};
	objectVersion = 50;
	objects = {

/* Begin PBXBuildFile section */
		03B57F012109B9150055BF3E /* AppDelegate.swift in Sources */ = {isa = PBXBuildFile; fileRef = 03B57F002109B9150055BF3E /* AppDelegate.swift */; };
		03B57F032109B9150055BF3E /* ViewController.swift in Sources */ = {isa = PBXBuildFile; fileRef = 03B57F022109B9150055BF3E /* ViewController.swift */; };
		03B57F062109B9150055BF3E /* Main.storyboard in Resources */ = {isa = PBXBuildFile; fileRef = 03B57F042109B9150055BF3E /* Main.storyboard */; };
		03B57F092109B9150055BF3E /* MarvelMovie.xcdatamodeld in Sources */ = {isa = PBXBuildFile; fileRef = 03B57F072109B9150055BF3E /* MarvelMovie.xcdatamodeld */; };
		03B57F0B2109B91C0055BF3E /* Assets.xcassets in Resources */ = {isa = PBXBuildFile; fileRef = 03B57F0A2109B91C0055BF3E /* Assets.xcassets */; };
		03B57F0E2109B91C0055BF3E /* LaunchScreen.storyboard in Resources */ = {isa = PBXBuildFile; fileRef = 03B57F0C2109B91C0055BF3E /* LaunchScreen.storyboard */; };
/* End PBXBuildFile section */

/* Begin PBXFileReference section */
		03B57EFD2109B9150055BF3E /* MarvelMovie.app */ = {isa = PBXFileReference; explicitFileType = wrapper.application; includeInIndex = 0; path = MarvelMovie.app; sourceTree = BUILT_PRODUCTS_DIR; };
		03B57F002109B9150055BF3E /* AppDelegate.swift */ = {isa = PBXFileReference; lastKnownFileType = sourcecode.swift; path = AppDelegate.swift; sourceTree = "<group>"; };
		03B57F022109B9150055BF3E /* ViewController.swift */ = {isa = PBXFileReference; lastKnownFileType = sourcecode.swift; path = ViewController.swift; sourceTree = "<group>"; };
		03B57F052109B9150055BF3E /* Base */ = {isa = PBXFileReference; lastKnownFileType = file.storyboard; name = Base; path = Base.lproj/Main.storyboard; sourceTree = "<group>"; };
		03B57F082109B9150055BF3E /* MarvelMovie.xcdatamodel */ = {isa = PBXFileReference; lastKnownFileType = wrapper.xcdatamodel; path = MarvelMovie.xcdatamodel; sourceTree = "<group>"; };
		03B57F0A2109B91C0055BF3E /* Assets.xcassets */ = {isa = PBXFileReference; lastKnownFileType = folder.assetcatalog; path = Assets.xcassets; sourceTree = "<group>"; };
		03B57F0D2109B91C0055BF3E /* Base */ = {isa = PBXFileReference; lastKnownFileType = file.storyboard; name = Base; path = Base.lproj/LaunchScreen.storyboard; sourceTree = "<group>"; };
		03B57F0F2109B91C0055BF3E /* Info.plist */ = {isa = PBXFileReference; lastKnownFileType = text.plist.xml; path = Info.plist; sourceTree = "<group>"; };
/* End PBXFileReference section */

/* Begin PBXFrameworksBuildPhase section */
		03B57EFA2109B9150055BF3E /* Frameworks */ = {
			isa = PBXFrameworksBuildPhase;
			buildActionMask = 2147483647;
			files = (
			);
			runOnlyForDeploymentPostprocessing = 0;
		};
/* End PBXFrameworksBuildPhase section */

/* Begin PBXGroup section */
		03B57EF42109B9150055BF3E = {
			isa = PBXGroup;
			children = (
				03B57EFF2109B9150055BF3E /* MarvelMovie */,
				03B57EFE2109B9150055BF3E /* Products */,
			);
			sourceTree = "<group>";
		};
		03B57EFE2109B9150055BF3E /* Products */ = {
			isa = PBXGroup;
			children = (
				03B57EFD2109B9150055BF3E /* MarvelMovie.app */,
			);
			name = Products;
			sourceTree = "<group>";
		};
		03B57EFF2109B9150055BF3E /* MarvelMovie */ = {
			isa = PBXGroup;
			children = (
				03B57F002109B9150055BF3E /* AppDelegate.swift */,
				03B57F022109B9150055BF3E /* ViewController.swift */,
				03B57F042109B9150055BF3E /* Main.storyboard */,
				03B57F0A2109B91C0055BF3E /* Assets.xcassets */,
				03B57F0C2109B91C0055BF3E /* LaunchScreen.storyboard */,
				03B57F0F2109B91C0055BF3E /* Info.plist */,
				03B57F072109B9150055BF3E /* MarvelMovie.xcdatamodeld */,
			);
			path = MarvelMovie;
			sourceTree = "<group>";
		};
/* End PBXGroup section */

/* Begin PBXNativeTarget section */
		03B57EFC2109B9150055BF3E /* MarvelMovie */ = {
			isa = PBXNativeTarget;
			buildConfigurationList = 03B57F122109B91C0055BF3E /* Build configuration list for PBXNativeTarget "MarvelMovie" */;
			buildPhases = (
				03B57EF92109B9150055BF3E /* Sources */,
				03B57EFA2109B9150055BF3E /* Frameworks */,
				03B57EFB2109B9150055BF3E /* Resources */,
			);
			buildRules = (
			);
			dependencies = (
			);
			name = MarvelMovie;
			productName = MarvelMovie;
			productReference = 03B57EFD2109B9150055BF3E /* MarvelMovie.app */;
			productType = "com.apple.product-type.application";
		};
/* End PBXNativeTarget section */

/* Begin PBXProject section */
		03B57EF52109B9150055BF3E /* Project object */ = {
			isa = PBXProject;
			attributes = {
				LastSwiftUpdateCheck = 0940;
				LastUpgradeCheck = 0940;
				ORGANIZATIONNAME = MarvelMovie;
				TargetAttributes = {
					03B57EFC2109B9150055BF3E = {
						CreatedOnToolsVersion = 9.4;
					};
				};
			};
			buildConfigurationList = 03B57EF82109B9150055BF3E /* Build configuration list for PBXProject "MarvelMovie" */;
			compatibilityVersion = "Xcode 9.3";
			developmentRegion = en;
			hasScannedForEncodings = 0;
			knownRegions = (
				en,
				Base,
			);
			mainGroup = 03B57EF42109B9150055BF3E;
			productRefGroup = 03B57EFE2109B9150055BF3E /* Products */;
			projectDirPath = "";
			projectRoot = "";
			targets = (
				03B57EFC2109B9150055BF3E /* MarvelMovie */,
			);
		};
/* End PBXProject section */

/* Begin PBXResourcesBuildPhase section */
		03B57EFB2109B9150055BF3E /* Resources */ = {
			isa = PBXResourcesBuildPhase;
			buildActionMask = 2147483647;
			files = (
				03B57F0E2109B91C0055BF3E /* LaunchScreen.storyboard in Resources */,
				03B57F0B2109B91C0055BF3E /* Assets.xcassets in Resources */,
				03B57F062109B9150055BF3E /* Main.storyboard in Resources */,
			);
			runOnlyForDeploymentPostprocessing = 0;
		};
/* End PBXResourcesBuildPhase section */

/* Begin PBXSourcesBuildPhase section */
		03B57EF92109B9150055BF3E /* Sources */ = {
			isa = PBXSourcesBuildPhase;
			buildActionMask = 2147483647;
			files = (
				03B57F032109B9150055BF3E /* ViewController.swift in Sources */,
				03B57F092109B9150055BF3E /* MarvelMovie.xcdatamodeld in Sources */,
				03B57F012109B9150055BF3E /* AppDelegate.swift in Sources */,
			);
			runOnlyForDeploymentPostprocessing = 0;
		};
/* End PBXSourcesBuildPhase section */

/* Begin PBXVariantGroup section */
		03B57F042109B9150055BF3E /* Main.storyboard */ = {
			isa = PBXVariantGroup;
			children = (
				03B57F052109B9150055BF3E /* Base */,
			);
			name = Main.storyboard;
			sourceTree = "<group>";
		};
		03B57F0C2109B91C0055BF3E /* LaunchScreen.storyboard */ = {
			isa = PBXVariantGroup;
			children = (
				03B57F0D2109B91C0055BF3E /* Base */,
			);
			name = LaunchScreen.storyboard;
			sourceTree = "<group>";
		};
/* End PBXVariantGroup section */

/* Begin XCBuildConfiguration section */
		03B57F102109B91C0055BF3E /* Debug */ = {
			isa = XCBuildConfiguration;
			buildSettings = {
				ALWAYS_SEARCH_USER_PATHS = NO;
				CLANG_ANALYZER_NONNULL = YES;
				CLANG_ANALYZER_NUMBER_OBJECT_CONVERSION = YES_AGGRESSIVE;
				CLANG_CXX_LANGUAGE_STANDARD = "gnu++14";
				CLANG_CXX_LIBRARY = "libc++";
				CLANG_ENABLE_MODULES = YES;
				CLANG_ENABLE_OBJC_ARC = YES;
				CLANG_ENABLE_OBJC_WEAK = YES;
				CLANG_WARN_BLOCK_CAPTURE_AUTORELEASING = YES;
				CLANG_WARN_BOOL_CONVERSION = YES;
				CLANG_WARN_COMMA = YES;
				CLANG_WARN_CONSTANT_CONVERSION = YES;
				CLANG_WARN_DEPRECATED_OBJC_IMPLEMENTATIONS = YES;
				CLANG_WARN_DIRECT_OBJC_ISA_USAGE = YES_ERROR;
				CLANG_WARN_DOCUMENTATION_COMMENTS = YES;
				CLANG_WARN_EMPTY_BODY = YES;
				CLANG_WARN_ENUM_CONVERSION = YES;
				CLANG_WARN_INFINITE_RECURSION = YES;
				CLANG_WARN_INT_CONVERSION = YES;
				CLANG_WARN_NON_LITERAL_NULL_CONVERSION = YES;
				CLANG_WARN_OBJC_IMPLICIT_RETAIN_SELF = YES;
				CLANG_WARN_OBJC_LITERAL_CONVERSION = YES;
				CLANG_WARN_OBJC_ROOT_CLASS = YES_ERROR;
				CLANG_WARN_RANGE_LOOP_ANALYSIS = YES;
				CLANG_WARN_STRICT_PROTOTYPES = YES;
				CLANG_WARN_SUSPICIOUS_MOVE = YES;
				CLANG_WARN_UNGUARDED_AVAILABILITY = YES_AGGRESSIVE;
				CLANG_WARN_UNREACHABLE_CODE = YES;
				CLANG_WARN__DUPLICATE_METHOD_MATCH = YES;
				CODE_SIGN_IDENTITY = "iPhone Developer";
				COPY_PHASE_STRIP = NO;
				DEBUG_INFORMATION_FORMAT = dwarf;
				ENABLE_STRICT_OBJC_MSGSEND = YES;
				ENABLE_TESTABILITY = YES;
				GCC_C_LANGUAGE_STANDARD = gnu11;
				GCC_DYNAMIC_NO_PIC = NO;
				GCC_NO_COMMON_BLOCKS = YES;
				GCC_OPTIMIZATION_LEVEL = 0;
				GCC_PREPROCESSOR_DEFINITIONS = (
					"DEBUG=1",
					"$(inherited)",
				);
				GCC_WARN_64_TO_32_BIT_CONVERSION = YES;
				GCC_WARN_ABOUT_RETURN_TYPE = YES_ERROR;
				GCC_WARN_UNDECLARED_SELECTOR = YES;
				GCC_WARN_UNINITIALIZED_AUTOS = YES_AGGRESSIVE;
				GCC_WARN_UNUSED_FUNCTION = YES;
				GCC_WARN_UNUSED_VARIABLE = YES;
				IPHONEOS_DEPLOYMENT_TARGET = 11.4;
				MTL_ENABLE_DEBUG_INFO = YES;
				ONLY_ACTIVE_ARCH = YES;
				SDKROOT = iphoneos;
				SWIFT_ACTIVE_COMPILATION_CONDITIONS = DEBUG;
				SWIFT_OPTIMIZATION_LEVEL = "-Onone";
			};
			name = Debug;
		};
		03B57F112109B91C0055BF3E /* Release */ = {
			isa = XCBuildConfiguration;
			buildSettings = {
				ALWAYS_SEARCH_USER_PATHS = NO;
				CLANG_ANALYZER_NONNULL = YES;
				CLANG_ANALYZER_NUMBER_OBJECT_CONVERSION = YES_AGGRESSIVE;
				CLANG_CXX_LANGUAGE_STANDARD = "gnu++14";
				CLANG_CXX_LIBRARY = "libc++";
				CLANG_ENABLE_MODULES = YES;
				CLANG_ENABLE_OBJC_ARC = YES;
				CLANG_ENABLE_OBJC_WEAK = YES;
				CLANG_WARN_BLOCK_CAPTURE_AUTORELEASING = YES;
				CLANG_WARN_BOOL_CONVERSION = YES;
				CLANG_WARN_COMMA = YES;
				CLANG_WARN_CONSTANT_CONVERSION = YES;
				CLANG_WARN_DEPRECATED_OBJC_IMPLEMENTATIONS = YES;
				CLANG_WARN_DIRECT_OBJC_ISA_USAGE = YES_ERROR;
				CLANG_WARN_DOCUMENTATION_COMMENTS = YES;
				CLANG_WARN_EMPTY_BODY = YES;
				CLANG_WARN_ENUM_CONVERSION = YES;
				CLANG_WARN_INFINITE_RECURSION = YES;
				CLANG_WARN_INT_CONVERSION = YES;
				CLANG_WARN_NON_LITERAL_NULL_CONVERSION = YES;
				CLANG_WARN_OBJC_IMPLICIT_RETAIN_SELF = YES;
				CLANG_WARN_OBJC_LITERAL_CONVERSION = YES;
				CLANG_WARN_OBJC_ROOT_CLASS = YES_ERROR;
				CLANG_WARN_RANGE_LOOP_ANALYSIS = YES;
				CLANG_WARN_STRICT_PROTOTYPES = YES;
				CLANG_WARN_SUSPICIOUS_MOVE = YES;
				CLANG_WARN_UNGUARDED_AVAILABILITY = YES_AGGRESSIVE;
				CLANG_WARN_UNREACHABLE_CODE = YES;
				CLANG_WARN__DUPLICATE_METHOD_MATCH = YES;
				CODE_SIGN_IDENTITY = "iPhone Developer";
				COPY_PHASE_STRIP = NO;
				DEBUG_INFORMATION_FORMAT = "dwarf-with-dsym";
				ENABLE_NS_ASSERTIONS = NO;
				ENABLE_STRICT_OBJC_MSGSEND = YES;
				GCC_C_LANGUAGE_STANDARD = gnu11;
				GCC_NO_COMMON_BLOCKS = YES;
				GCC_WARN_64_TO_32_BIT_CONVERSION = YES;
				GCC_WARN_ABOUT_RETURN_TYPE = YES_ERROR;
				GCC_WARN_UNDECLARED_SELECTOR = YES;
				GCC_WARN_UNINITIALIZED_AUTOS = YES_AGGRESSIVE;
				GCC_WARN_UNUSED_FUNCTION = YES;
				GCC_WARN_UNUSED_VARIABLE = YES;
				IPHONEOS_DEPLOYMENT_TARGET = 11.4;
				MTL_ENABLE_DEBUG_INFO = NO;
				SDKROOT = iphoneos;
				SWIFT_COMPILATION_MODE = wholemodule;
				SWIFT_OPTIMIZATION_LEVEL = "-O";
				VALIDATE_PRODUCT = YES;
			};
			name = Release;
		};
		03B57F132109B91C0055BF3E /* Debug */ = {
			isa = XCBuildConfiguration;
			buildSettings = {
				ASSETCATALOG_COMPILER_APPICON_NAME = AppIcon;
				CODE_SIGN_STYLE = Automatic;
				INFOPLIST_FILE = MarvelMovie/Info.plist;
				LD_RUNPATH_SEARCH_PATHS = (
					"$(inherited)",
					"@executable_path/Frameworks",
				);
				PRODUCT_BUNDLE_IDENTIFIER = MarvelMovie.MarvelMovie;
				PRODUCT_NAME = "$(TARGET_NAME)";
				SWIFT_VERSION = 4.0;
				TARGETED_DEVICE_FAMILY = "1,2";
			};
			name = Debug;
		};
		03B57F142109B91C0055BF3E /* Release */ = {
			isa = XCBuildConfiguration;
			buildSettings = {
				ASSETCATALOG_COMPILER_APPICON_NAME = AppIcon;
				CODE_SIGN_STYLE = Automatic;
				INFOPLIST_FILE = MarvelMovie/Info.plist;
				LD_RUNPATH_SEARCH_PATHS = (
					"$(inherited)",
					"@executable_path/Frameworks",
				);
				PRODUCT_BUNDLE_IDENTIFIER = MarvelMovie.MarvelMovie;
				PRODUCT_NAME = "$(TARGET_NAME)";
				SWIFT_VERSION = 4.0;
				TARGETED_DEVICE_FAMILY = "1,2";
			};
			name = Release;
		};
/* End XCBuildConfiguration section */

/* Begin XCConfigurationList section */
		03B57EF82109B9150055BF3E /* Build configuration list for PBXProject "MarvelMovie" */ = {
			isa = XCConfigurationList;
			buildConfigurations = (
				03B57F102109B91C0055BF3E /* Debug */,
				03B57F112109B91C0055BF3E /* Release */,
			);
			defaultConfigurationIsVisible = 0;
			defaultConfigurationName = Release;
		};
		03B57F122109B91C0055BF3E /* Build configuration list for PBXNativeTarget "MarvelMovie" */ = {
			isa = XCConfigurationList;
			buildConfigurations = (
				03B57F132109B91C0055BF3E /* Debug */,
				03B57F142109B91C0055BF3E /* Release */,
			);
			defaultConfigurationIsVisible = 0;
			defaultConfigurationName = Release;
		};
/* End XCConfigurationList section */

/* Begin XCVersionGroup section */
		03B57F072109B9150055BF3E /* MarvelMovie.xcdatamodeld */ = {
			isa = XCVersionGroup;
			children = (
				03B57F082109B9150055BF3E /* MarvelMovie.xcdatamodel */,
			);
			currentVersion = 03B57F082109B9150055BF3E /* MarvelMovie.xcdatamodel */;
			path = MarvelMovie.xcdatamodeld;
			sourceTree = "<group>";
			versionGroupType = wrapper.xcdatamodel;
		};
/* End XCVersionGroup section */
	};
	rootObject = 03B57EF52109B9150055BF3E /* Project object */;
}
